
Microsoft Visual Studio Solution File, Format Version 12.00
# Visual Studio Version 17
VisualStudioVersion = 17.11.35208.52
MinimumVisualStudioVersion = 10.0.40219.1
Project("{FAE04EC0-301F-11D3-BF4B-00C04F79EFBC}") = "SocialMediaApp", "SocialMediaApp\SocialMediaApp.csproj", "{CA32ABA2-992A-4CD6-A3C1-12A11B9A30EB}"
EndProject
Global
	GlobalSection(SolutionConfigurationPlatforms) = preSolution
		Debug|Any CPU = Debug|Any CPU
		Release|Any CPU = Release|Any CPU
	EndGlobalSection
	GlobalSection(ProjectConfigurationPlatforms) = postSolution
		{CA32ABA2-992A-4CD6-A3C1-12A11B9A30EB}.Debug|Any CPU.ActiveCfg = Debug|Any CPU
		{CA32ABA2-992A-4CD6-A3C1-12A11B9A30EB}.Debug|Any CPU.Build.0 = Debug|Any CPU
		{CA32ABA2-992A-4CD6-A3C1-12A11B9A30EB}.Release|Any CPU.ActiveCfg = Release|Any CPU
		{CA32ABA2-992A-4CD6-A3C1-12A11B9A30EB}.Release|Any CPU.Build.0 = Release|Any CPU
	EndGlobalSection
	GlobalSection(SolutionProperties) = preSolution
		HideSolutionNode = FALSE
	EndGlobalSection
	GlobalSection(ExtensibilityGlobals) = postSolution
		SolutionGuid = {17C881FB-F366-4211-A9C8-48D3854B7107}
	EndGlobalSection
EndGlobal
